{
  "name": "super-dog-adventure",
  "version": "4.0.0",
  "lockfileVersion": 3,
  "requires": true,
  "packages": {
    "": {
      "name": "super-dog-adventure",
      "version": "4.0.0",
      "dependencies": {
        "three": "0.180.0",
        "trystero": "^0.25.4"
      }
    },
    "node_modules/@noble/secp256k1": {
      "version": "3.2.0",
      "resolved": "https://registry.npmjs.org/@noble/secp256k1/-/secp256k1-3.2.0.tgz",
      "integrity": "sha512-Z3ZAWOTxJ0EuTuZTi7Y69iK7GgrLHh8sgm45lVDhg/b3Nk1TpAiKhick2KkZisHuupeepSkyIydN/J459SdX1w==",
      "license": "MIT",
      "funding": {
        "url": "https://paulmillr.com/funding/"
      }
    },
    "node_modules/@trystero-p2p/core": {
      "version": "0.25.4",
      "resolved": "https://registry.npmjs.org/@trystero-p2p/core/-/core-0.25.4.tgz",
      "integrity": "sha512-ehvSL1FqW962XyEctXngeDF/IOM1bWmfCKBNR4vwmVa0JGfM0+dlY4TEzSEGghYp3qqGCrpFIVTxdvlBUGVO6Q==",
      "license": "MIT"
    },
    "node_modules/@trystero-p2p/nostr": {
      "version": "0.25.4",
      "resolved": "https://registry.npmjs.org/@trystero-p2p/nostr/-/nostr-0.25.4.tgz",
      "integrity": "sha512-QDox1VVHl0ro/CLfQVUtMS9EQbtJhQM7CCsO4SGv9KrPBT+x3bmOqQ4Y6iugsLzQ6sW+a2cwUTxjDRz/BywqMg==",
      "license": "MIT",
      "dependencies": {
        "@noble/secp256k1": "^3.1.0",
        "@trystero-p2p/core": "0.25.4"
      }
    },
    "node_modules/three": {
      "version": "0.180.0",
      "resolved": "https://registry.npmjs.org/three/-/three-0.180.0.tgz",
      "integrity": "sha512-o+qycAMZrh+TsE01GqWUxUIKR1AL0S8pq7zDkYOQw8GqfX8b8VoCKYUoHbhiX5j+7hr8XsuHDVU6+gkQJQKg9w==",
      "license": "MIT"
    },
    "node_modules/trystero": {
      "version": "0.25.4",
      "resolved": "https://registry.npmjs.org/trystero/-/trystero-0.25.4.tgz",
      "integrity": "sha512-tFYn/fO1kBeSKLUxRPKHH2n5jIuz9zlPPF9SmCVrGBiPNDGtFZyHuQONMUwftnCclTWlVsLoTus5/6eHhVEg+Q==",
      "license": "MIT",
      "dependencies": {
        "@trystero-p2p/nostr": "0.25.4"
      }
    }
  }
}
